Microsoft Visual Studio Solution File, Format Version 12.00
# Visual Studio Version 16
VisualStudioVersion = 16.0.30611.23
MinimumVisualStudioVersion = 10.0.40219.1
Project("{2150E333-8FDC-42A3-9474-1A3956D46DE8}") = "Mailing", "Mailing", "{99180D3C-DBCA-477A-ACC5-8A01DEBAC801}"
EndProject
Project("{FAE04EC0-301F-11D3-BF4B-00C04F79EFBC}") = "Adventure.Feature.Mailing", "Feature\Mailing\code\Adventure.Feature.Mailing.csproj", "{3D8C2F1C-469F-49DA-A119-DE02FF728358}"
EndProject
Project("{2150E333-8FDC-42A3-9474-1A3956D46DE8}") = "SearchProvider", "SearchProvider", "{A0B44B2F-1C3C-414E-B74A-3EC6C7D7E9E6}"
EndProject
Project("{FAE04EC0-301F-11D3-BF4B-00C04F79EFBC}") = "Adventure.Foundation.SearchProvider", "Foundation\SearchProvider\code\Adventure.Foundation.SearchProvider.csproj", "{7DFEC29D-E752-4F54-9F0A-CE297FFF2E0A}"
EndProject
Project("{2150E333-8FDC-42A3-9474-1A3956D46DE8}") = "EmailProvider", "EmailProvider", "{A21CFD3B-09E8-4C88-91B5-DEA6ED3F5A98}"
EndProject
Project("{FAE04EC0-301F-11D3-BF4B-00C04F79EFBC}") = "Adventure.Foundation.EmailProvider", "Foundation\Mailing\code\Adventure.Foundation.EmailProvider.csproj", "{74215D63-8E52-42C5-B834-1D5DBFE95F02}"
EndProject
Project("{2150E333-8FDC-42A3-9474-1A3956D46DE8}") = "Roles", "Roles", "{B2715782-C3C9-49A1-84A3-8D7DE8DE364A}"
EndProject
Project("{FAE04EC0-301F-11D3-BF4B-00C04F79EFBC}") = "Adventure.Foundation.Roles", "Foundation\Roles\code\Adventure.Foundation.Roles.csproj", "{F8C97663-63DC-458E-9DF4-06F0E1048CC3}"
EndProject
Project("{2150E333-8FDC-42A3-9474-1A3956D46DE8}") = "EventDetailsPersonalization", "EventDetailsPersonalization", "{9CE27B73-DAF0-4212-8D36-F23E0D46002A}"
EndProject
Project("{FAE04EC0-301F-11D3-BF4B-00C04F79EFBC}") = "Adventure.Feature.EventDetailsPersonalization", "Feature\EventDetailsPersonalization\code\Adventure.Feature.EventDetailsPersonalization.csproj", "{66CE548A-386B-406D-A0B3-495C92B125F8}"
EndProject
Project("{2150E333-8FDC-42A3-9474-1A3956D46DE8}") = "EventDetailsProvider", "EventDetailsProvider", "{FD977492-52A6-4F68-B3CB-EB081C88BA81}"
EndProject
Project("{FAE04EC0-301F-11D3-BF4B-00C04F79EFBC}") = "Adventure.Feature.EventDetailsProvider", "Feature\EventDetailsProvider\code\Adventure.Feature.EventDetailsProvider.csproj", "{3991C056-A340-42A6-BD15-2F1BF6ED3ACF}"
EndProject
Project("{2150E333-8FDC-42A3-9474-1A3956D46DE8}") = "MultiLanguage", "MultiLanguage", "{AC6E1E37-A414-49CE-BD27-A34013700045}"
EndProject
Project("{FAE04EC0-301F-11D3-BF4B-00C04F79EFBC}") = "Adventure.Feature.MultiLanguage", "Feature\MultiLanguage\code\Adventure.Feature.MultiLanguage.csproj", "{21E30494-F0A3-4FD8-8E64-B23F3E5620F1}"
EndProject
Project("{2150E333-8FDC-42A3-9474-1A3956D46DE8}") = "UserProfile", "UserProfile", "{47BA76CF-8FED-4100-A56F-34BA0B7E2B89}"
EndProject
Project("{FAE04EC0-301F-11D3-BF4B-00C04F79EFBC}") = "Adventure.Feature.UserProfile", "Feature\UserProfile\code\Adventure.Feature.UserProfile.csproj", "{954FD904-3A70-462C-B8A0-DB76899480C7}"
EndProject
Project("{2150E333-8FDC-42A3-9474-1A3956D46DE8}") = "Assets", "Assets", "{58292F27-543D-4D9F-8ACF-9B46795320A5}"
EndProject
Project("{FAE04EC0-301F-11D3-BF4B-00C04F79EFBC}") = "Adventure.Foundation.Assets", "Foundation\Assets\code\Adventure.Foundation.Assets.csproj", "{8F270488-4C0F-4D88-A629-753C698BE65C}"
EndProject
Project("{2150E333-8FDC-42A3-9474-1A3956D46DE8}") = "Infrastructure", "Infrastructure", "{D3F0BD76-4295-4E24-9C2E-8A6E23E86027}"
EndProject
Project("{FAE04EC0-301F-11D3-BF4B-00C04F79EFBC}") = "Adventure.Foundation.Infrastructure", "Foundation\Infrastructure\code\Adventure.Foundation.Infrastructure.csproj", "{313ABA30-90D1-4EEA-86ED-9142D43B8636}"
EndProject
Project("{2150E333-8FDC-42A3-9474-1A3956D46DE8}") = "Registration", "Registration", "{00276C4A-1EF9-40B2-8E43-1285B9EFD6B3}"
EndProject
Project("{FAE04EC0-301F-11D3-BF4B-00C04F79EFBC}") = "Adventure.Feature.Registration", "Feature\Registration\code\Adventure.Feature.Registration.csproj", "{016046D6-2F5B-4274-A360-BC1F9BB5D612}"
EndProject
Project("{2150E333-8FDC-42A3-9474-1A3956D46DE8}") = "Accounts", "Accounts", "{E5A5877C-81D5-439E-80B5-5499B49626AA}"
EndProject
Project("{FAE04EC0-301F-11D3-BF4B-00C04F79EFBC}") = "Adventure.Foundation.Accounts", "Foundation\Accounts\code\Adventure.Foundation.Accounts.csproj", "{C95A4CFB-17E7-47CD-AADE-89B91013E5C0}"
EndProject
Project("{2150E333-8FDC-42A3-9474-1A3956D46DE8}") = "Navigation", "Navigation", "{FDB4BE6F-FBB9-46D6-BEA7-9D58EB128DB8}"
EndProject
Project("{2150E333-8FDC-42A3-9474-1A3956D46DE8}") = "EventSearchComponent", "EventSearchComponent", "{511234F0-1DBF-45D9-87C9-5D31180AC237}"
EndProject
Project("{FAE04EC0-301F-11D3-BF4B-00C04F79EFBC}") = "Adventure.Feature.EventSearchComponent", "Feature\EventSearchComponent\code\Adventure.Feature.EventSearchComponent.csproj", "{155CB95B-3ECE-4E15-A95F-D74594F7183D}"
EndProject
Project("{FAE04EC0-301F-11D3-BF4B-00C04F79EFBC}") = "Adventure.Feature.ErrorHandling", "Feature\ErrorHandling\code\Adventure.Feature.ErrorHandling.csproj", "{2E5301E6-33B0-4828-9D0D-0B05E8C044C6}"
EndProject
Project("{2150E333-8FDC-42A3-9474-1A3956D46DE8}") = "DataAccess", "DataAccess", "{1FC98851-4213-448F-A2D3-0FDBF01337E7}"
EndProject
Project("{FAE04EC0-301F-11D3-BF4B-00C04F79EFBC}") = "Adventure.Foundation.DataAccess", "Foundation\DataAccess\code\Adventure.Foundation.DataAccess.csproj", "{42C520B2-F073-4922-ADAE-31C1D56976C5}"
EndProject
Project("{2150E333-8FDC-42A3-9474-1A3956D46DE8}") = "EventDetailsComments", "EventDetailsComments", "{2005D8B7-4D44-45DB-BF69-BF5B44922D97}"
EndProject
Project("{2150E333-8FDC-42A3-9474-1A3956D46DE8}") = "Common", "Common", "{3B9DEC08-27F2-4EF0-A938-0E9E79ADAA90}"
EndProject
Project("{FAE04EC0-301F-11D3-BF4B-00C04F79EFBC}") = "Adventure.Foundation.Common", "Foundation\Common\code\Adventure.Foundation.Common.csproj", "{00D10B30-BE8C-42F1-9ADC-10D13480DCB8}"
EndProject
Project("{FAE04EC0-301F-11D3-BF4B-00C04F79EFBC}") = "Adventure.Feature.Navigation", "Feature\Navigation\code\Adventure.Feature.Navigation.csproj", "{B8322D05-509D-40D0-B5DD-69CFB48EBE1C}"
EndProject
Project("{2150E333-8FDC-42A3-9474-1A3956D46DE8}") = "Events", "Events", "{2D6EC5E7-F052-460D-AD0A-40364969E5E3}"
EndProject
Project("{FAE04EC0-301F-11D3-BF4B-00C04F79EFBC}") = "Adventure.Feature.Events", "Feature\Events\code\Adventure.Feature.Events.csproj", "{0C598EE9-A5E6-475A-A016-2089CCA427FA}"
EndProject
Project("{2150E333-8FDC-42A3-9474-1A3956D46DE8}") = "Logging", "Logging", "{330A9C25-74D0-4A84-8BCB-4E88DE2B37FA}"
EndProject
Project("{FAE04EC0-301F-11D3-BF4B-00C04F79EFBC}") = "Adventure.Foundation.Logging", "Foundation\Logging\code\Adventure.Foundation.Logging.csproj", "{A0753C99-67DF-4D20-9850-090641ED7B20}"
EndProject
Project("{2150E333-8FDC-42A3-9474-1A3956D46DE8}") = "MicrositesInfrastructure", "MicrositesInfrastructure", "{3AF86B34-FB40-459B-AB20-A05B1AB64A02}"
EndProject
Project("{FAE04EC0-301F-11D3-BF4B-00C04F79EFBC}") = "Adventure.Foundation.MicrositesInfrastructure", "Foundation\MicrositesInfrastructure\code\Adventure.Foundation.MicrositesInfrastructure.csproj", "{18A92A07-9BD7-4834-BBF5-4D03DAC8245B}"
EndProject
Project("{2150E333-8FDC-42A3-9474-1A3956D46DE8}") = "Adventure", "Adventure", "{D233DFF5-E61B-4734-8781-3BABE3482443}"
EndProject
Project("{FAE04EC0-301F-11D3-BF4B-00C04F79EFBC}") = "Adventure.Project.Adventure", "Project\Adventure\code\Adventure.Project.Adventure.csproj", "{AAAF1DD4-08F6-4107-837D-269D53DA03B7}"
EndProject
Project("{2150E333-8FDC-42A3-9474-1A3956D46DE8}") = "Configuration", "Configuration", "{DF3B36CF-6D1C-415A-8115-C806AAE79DB9}"
	ProjectSection(SolutionItems) = preProject
		Leprechaun.config = Leprechaun.config
		package-lock.json = package-lock.json
		package.json = package.json
		publishsettings.targets = publishsettings.targets
		readme.md = readme.md
	EndProjectSection
EndProject
Project("{2150E333-8FDC-42A3-9474-1A3956D46DE8}") = "Feature", "Feature", "{8B6B8128-AD7B-4331-9DC0-0AFE37FC45E1}"
EndProject
Project("{2150E333-8FDC-42A3-9474-1A3956D46DE8}") = "Project", "Project", "{D7471233-EE41-4080-8C58-12D5033C644A}"
EndProject
Project("{2150E333-8FDC-42A3-9474-1A3956D46DE8}") = "Foundation", "Foundation", "{DA26CB32-27FD-48DF-B4D4-780BD9598326}"
EndProject
Project("{FAE04EC0-301F-11D3-BF4B-00C04F79EFBC}") = "Adventure.Foundation.Serialization", "Foundation\Serialization\code\Adventure.Foundation.Serialization.csproj", "{297ACE1A-F0E3-42BE-86B8-5CEE4AF0CE99}"
EndProject
Project("{2150E333-8FDC-42A3-9474-1A3956D46DE8}") = "Serialization", "Serialization", "{06B2C1C3-6E4B-4D98-B808-C821DFA0DCCF}"
EndProject
Project("{2150E333-8FDC-42A3-9474-1A3956D46DE8}") = "gulpfile.js", "gulpfile.js", "{63BB65B6-0B8D-4CD9-B375-E27AEA62EC01}"
	ProjectSection(SolutionItems) = preProject
		gulpfile.js\index.js = gulpfile.js\index.js
	EndProjectSection
EndProject
Project("{2150E333-8FDC-42A3-9474-1A3956D46DE8}") = "tasks", "tasks", "{ACC3F290-2A9C-438E-82FC-50BE1FA39DE1}"
	ProjectSection(SolutionItems) = preProject
		gulpfile.js\tasks\leprechaun.js = gulpfile.js\tasks\leprechaun.js
		gulpfile.js\tasks\publishProject.js = gulpfile.js\tasks\publishProject.js
	EndProjectSection
EndProject
Project("{2150E333-8FDC-42A3-9474-1A3956D46DE8}") = "config", "config", "{DE739504-F786-4449-9882-5A77A9E78512}"
	ProjectSection(SolutionItems) = preProject
		gulpfile.js\config\config.js = gulpfile.js\config\config.js
	EndProjectSection
EndProject
Project("{FAE04EC0-301F-11D3-BF4B-00C04F79EFBC}") = "Adventure.Foundation.Logging.Tests", "Foundation\Logging\Adventure.Foundation.Logging.Tests\Adventure.Foundation.Logging.Tests.csproj", "{5430DE24-9D02-48B7-921B-CA3944014EC1}"
EndProject
Project("{FAE04EC0-301F-11D3-BF4B-00C04F79EFBC}") = "Adventure.Feature.EventDetailsComments.Tests", "Feature\EventDetailsComments\Adventure.Feature.EventDetailsComments.Tests\Adventure.Feature.EventDetailsComments.Tests.csproj", "{31F8685C-FC9F-4DB1-90C3-236C9CD6B56D}"
EndProject
Project("{2150E333-8FDC-42A3-9474-1A3956D46DE8}") = "DependencyInjection", "DependencyInjection", "{5DB53469-E344-4B6B-9F6D-D8089A8A7D6F}"
EndProject
Project("{FAE04EC0-301F-11D3-BF4B-00C04F79EFBC}") = "Adventure.Foundation.DependencyInjection", "Foundation\DependencyInjection\code\Adventure.Foundation.DependencyInjection.csproj", "{1ADF0C50-DED5-4A74-B38C-8ECA7730F594}"
EndProject
Project("{FAE04EC0-301F-11D3-BF4B-00C04F79EFBC}") = "Adventure.Feature.EventDetailsComments", "Feature\EventDetailsComments\code\Adventure.Feature.EventDetailsComments.csproj", "{A0A7B74A-87F7-4AF0-93DD-8E3E8B314C28}"
EndProject
Project("{FAE04EC0-301F-11D3-BF4B-00C04F79EFBC}") = "Adventure.Foundation.ORM", "Foundation\ORM\code\Adventure.Foundation.ORM.csproj", "{CEF5307C-6485-48A1-A570-34DC75BF8505}"
EndProject
Project("{FAE04EC0-301F-11D3-BF4B-00C04F79EFBC}") = "Adventure.Feature.Events.Tests", "Feature\Events\Adventure.Feature.Events.Tests\Adventure.Feature.Events.Tests.csproj", "{B8D66FEF-38E6-4BC0-8BA8-B2529802A23A}"
EndProject
Project("{2150E333-8FDC-42A3-9474-1A3956D46DE8}") = "ORM", "ORM", "{09E51E80-AF28-49E1-A546-DFB67C5D0DE7}"
EndProject
Project("{2150E333-8FDC-42A3-9474-1A3956D46DE8}") = "ErrorHandling", "ErrorHandling", "{90BD46B5-60B7-44C7-B41A-C5DFB5367289}"
EndProject
Project("{2150E333-8FDC-42A3-9474-1A3956D46DE8}") = "Login", "Login", "{135EB105-CB58-4A22-A77D-1D53F722D3D3}"
EndProject
Project("{FAE04EC0-301F-11D3-BF4B-00C04F79EFBC}") = "Adventure.Feature.Login", "Feature\Login\code\Adventure.Feature.Login.csproj", "{E51A95E0-C190-449B-A1B2-241DA7AF5C2A}"
EndProject
Project("{FAE04EC0-301F-11D3-BF4B-00C04F79EFBC}") = "Adventure.Feature.Login.Tests", "Feature\Login\Adventure.Feature.Login.Tests\Adventure.Feature.Login.Tests.csproj", "{9B240830-A853-4A5D-9CB9-4EF15E8CD9C9}"
EndProject
Project("{FAE04EC0-301F-11D3-BF4B-00C04F79EFBC}") = "Adventure.Feature.EventDetailsProvider.Tests", "Feature\EventDetailsProvider\Adventure.Feature.EventDetailsProvider.Tests\Adventure.Feature.EventDetailsProvider.Tests.csproj", "{02F0CA43-9D45-402D-9CD5-C40793B238FA}"
EndProject
Project("{FAE04EC0-301F-11D3-BF4B-00C04F79EFBC}") = "Adventure.Feature.MultiLanguage.Tests", "Feature\MultiLanguage\Adventure.Feature.MultiLanguage.Tests\Adventure.Feature.MultiLanguage.Tests.csproj", "{E7440A5D-2FA8-4D2E-BDA8-41B49A9BE8CC}"
EndProject
Global
	GlobalSection(SolutionConfigurationPlatforms) = preSolution
		Debug|Any CPU = Debug|Any CPU
		Dev|Any CPU = Dev|Any CPU
		Prod|Any CPU = Prod|Any CPU
		QA|Any CPU = QA|Any CPU
		Release|Any CPU = Release|Any CPU
	EndGlobalSection
	GlobalSection(ProjectConfigurationPlatforms) = postSolution
		{3D8C2F1C-469F-49DA-A119-DE02FF728358}.Debug|Any CPU.ActiveCfg = Debug|Any CPU
		{3D8C2F1C-469F-49DA-A119-DE02FF728358}.Debug|Any CPU.Build.0 = Debug|Any CPU
		{3D8C2F1C-469F-49DA-A119-DE02FF728358}.Dev|Any CPU.ActiveCfg = Debug|Any CPU
		{3D8C2F1C-469F-49DA-A119-DE02FF728358}.Dev|Any CPU.Build.0 = Debug|Any CPU
		{3D8C2F1C-469F-49DA-A119-DE02FF728358}.Prod|Any CPU.ActiveCfg = Debug|Any CPU
		{3D8C2F1C-469F-49DA-A119-DE02FF728358}.Prod|Any CPU.Build.0 = Debug|Any CPU
		{3D8C2F1C-469F-49DA-A119-DE02FF728358}.QA|Any CPU.ActiveCfg = Debug|Any CPU
		{3D8C2F1C-469F-49DA-A119-DE02FF728358}.QA|Any CPU.Build.0 = Debug|Any CPU
		{3D8C2F1C-469F-49DA-A119-DE02FF728358}.Release|Any CPU.ActiveCfg = Release|Any CPU
		{3D8C2F1C-469F-49DA-A119-DE02FF728358}.Release|Any CPU.Build.0 = Release|Any CPU
		{7DFEC29D-E752-4F54-9F0A-CE297FFF2E0A}.Debug|Any CPU.ActiveCfg = Release|Any CPU
		{7DFEC29D-E752-4F54-9F0A-CE297FFF2E0A}.Debug|Any CPU.Build.0 = Release|Any CPU
		{7DFEC29D-E752-4F54-9F0A-CE297FFF2E0A}.Dev|Any CPU.ActiveCfg = Release|Any CPU
		{7DFEC29D-E752-4F54-9F0A-CE297FFF2E0A}.Dev|Any CPU.Build.0 = Release|Any CPU
		{7DFEC29D-E752-4F54-9F0A-CE297FFF2E0A}.Prod|Any CPU.ActiveCfg = Release|Any CPU
		{7DFEC29D-E752-4F54-9F0A-CE297FFF2E0A}.Prod|Any CPU.Build.0 = Release|Any CPU
		{7DFEC29D-E752-4F54-9F0A-CE297FFF2E0A}.QA|Any CPU.ActiveCfg = Release|Any CPU
		{7DFEC29D-E752-4F54-9F0A-CE297FFF2E0A}.QA|Any CPU.Build.0 = Release|Any CPU
		{7DFEC29D-E752-4F54-9F0A-CE297FFF2E0A}.Release|Any CPU.ActiveCfg = Release|Any CPU
		{7DFEC29D-E752-4F54-9F0A-CE297FFF2E0A}.Release|Any CPU.Build.0 = Release|Any CPU
		{74215D63-8E52-42C5-B834-1D5DBFE95F02}.Debug|Any CPU.ActiveCfg = Release|Any CPU
		{74215D63-8E52-42C5-B834-1D5DBFE95F02}.Debug|Any CPU.Build.0 = Release|Any CPU
		{74215D63-8E52-42C5-B834-1D5DBFE95F02}.Dev|Any CPU.ActiveCfg = Release|Any CPU
		{74215D63-8E52-42C5-B834-1D5DBFE95F02}.Dev|Any CPU.Build.0 = Release|Any CPU
		{74215D63-8E52-42C5-B834-1D5DBFE95F02}.Prod|Any CPU.ActiveCfg = Release|Any CPU
		{74215D63-8E52-42C5-B834-1D5DBFE95F02}.Prod|Any CPU.Build.0 = Release|Any CPU
		{74215D63-8E52-42C5-B834-1D5DBFE95F02}.QA|Any CPU.ActiveCfg = Release|Any CPU
		{74215D63-8E52-42C5-B834-1D5DBFE95F02}.QA|Any CPU.Build.0 = Release|Any CPU
		{74215D63-8E52-42C5-B834-1D5DBFE95F02}.Release|Any CPU.ActiveCfg = Release|Any CPU
		{74215D63-8E52-42C5-B834-1D5DBFE95F02}.Release|Any CPU.Build.0 = Release|Any CPU
		{F8C97663-63DC-458E-9DF4-06F0E1048CC3}.Debug|Any CPU.ActiveCfg = Debug|Any CPU
		{F8C97663-63DC-458E-9DF4-06F0E1048CC3}.Debug|Any CPU.Build.0 = Debug|Any CPU
		{F8C97663-63DC-458E-9DF4-06F0E1048CC3}.Dev|Any CPU.ActiveCfg = Debug|Any CPU
		{F8C97663-63DC-458E-9DF4-06F0E1048CC3}.Dev|Any CPU.Build.0 = Debug|Any CPU
		{F8C97663-63DC-458E-9DF4-06F0E1048CC3}.Prod|Any CPU.ActiveCfg = Debug|Any CPU
		{F8C97663-63DC-458E-9DF4-06F0E1048CC3}.Prod|Any CPU.Build.0 = Debug|Any CPU
		{F8C97663-63DC-458E-9DF4-06F0E1048CC3}.QA|Any CPU.ActiveCfg = Debug|Any CPU
		{F8C97663-63DC-458E-9DF4-06F0E1048CC3}.QA|Any CPU.Build.0 = Debug|Any CPU
		{F8C97663-63DC-458E-9DF4-06F0E1048CC3}.Release|Any CPU.ActiveCfg = Release|Any CPU
		{F8C97663-63DC-458E-9DF4-06F0E1048CC3}.Release|Any CPU.Build.0 = Release|Any CPU
		{66CE548A-386B-406D-A0B3-495C92B125F8}.Debug|Any CPU.ActiveCfg = Debug|Any CPU
		{66CE548A-386B-406D-A0B3-495C92B125F8}.Debug|Any CPU.Build.0 = Debug|Any CPU
		{66CE548A-386B-406D-A0B3-495C92B125F8}.Dev|Any CPU.ActiveCfg = Debug|Any CPU
		{66CE548A-386B-406D-A0B3-495C92B125F8}.Dev|Any CPU.Build.0 = Debug|Any CPU
		{66CE548A-386B-406D-A0B3-495C92B125F8}.Prod|Any CPU.ActiveCfg = Debug|Any CPU
		{66CE548A-386B-406D-A0B3-495C92B125F8}.Prod|Any CPU.Build.0 = Debug|Any CPU
		{66CE548A-386B-406D-A0B3-495C92B125F8}.QA|Any CPU.ActiveCfg = Debug|Any CPU
		{66CE548A-386B-406D-A0B3-495C92B125F8}.QA|Any CPU.Build.0 = Debug|Any CPU
		{66CE548A-386B-406D-A0B3-495C92B125F8}.Release|Any CPU.ActiveCfg = Release|Any CPU
		{66CE548A-386B-406D-A0B3-495C92B125F8}.Release|Any CPU.Build.0 = Release|Any CPU
		{3991C056-A340-42A6-BD15-2F1BF6ED3ACF}.Debug|Any CPU.ActiveCfg = Debug|Any CPU
		{3991C056-A340-42A6-BD15-2F1BF6ED3ACF}.Debug|Any CPU.Build.0 = Debug|Any CPU
		{3991C056-A340-42A6-BD15-2F1BF6ED3ACF}.Dev|Any CPU.ActiveCfg = Debug|Any CPU
		{3991C056-A340-42A6-BD15-2F1BF6ED3ACF}.Dev|Any CPU.Build.0 = Debug|Any CPU
		{3991C056-A340-42A6-BD15-2F1BF6ED3ACF}.Prod|Any CPU.ActiveCfg = Release|Any CPU
		{3991C056-A340-42A6-BD15-2F1BF6ED3ACF}.Prod|Any CPU.Build.0 = Release|Any CPU
		{3991C056-A340-42A6-BD15-2F1BF6ED3ACF}.QA|Any CPU.ActiveCfg = Release|Any CPU
		{3991C056-A340-42A6-BD15-2F1BF6ED3ACF}.QA|Any CPU.Build.0 = Release|Any CPU
		{3991C056-A340-42A6-BD15-2F1BF6ED3ACF}.Release|Any CPU.ActiveCfg = Release|Any CPU
		{3991C056-A340-42A6-BD15-2F1BF6ED3ACF}.Release|Any CPU.Build.0 = Release|Any CPU
		{21E30494-F0A3-4FD8-8E64-B23F3E5620F1}.Debug|Any CPU.ActiveCfg = Debug|Any CPU
		{21E30494-F0A3-4FD8-8E64-B23F3E5620F1}.Debug|Any CPU.Build.0 = Debug|Any CPU
		{21E30494-F0A3-4FD8-8E64-B23F3E5620F1}.Dev|Any CPU.ActiveCfg = Debug|Any CPU
		{21E30494-F0A3-4FD8-8E64-B23F3E5620F1}.Dev|Any CPU.Build.0 = Debug|Any CPU
		{21E30494-F0A3-4FD8-8E64-B23F3E5620F1}.Prod|Any CPU.ActiveCfg = Release|Any CPU
		{21E30494-F0A3-4FD8-8E64-B23F3E5620F1}.Prod|Any CPU.Build.0 = Release|Any CPU
		{21E30494-F0A3-4FD8-8E64-B23F3E5620F1}.QA|Any CPU.ActiveCfg = Release|Any CPU
		{21E30494-F0A3-4FD8-8E64-B23F3E5620F1}.QA|Any CPU.Build.0 = Release|Any CPU
		{21E30494-F0A3-4FD8-8E64-B23F3E5620F1}.Release|Any CPU.ActiveCfg = Release|Any CPU
		{21E30494-F0A3-4FD8-8E64-B23F3E5620F1}.Release|Any CPU.Build.0 = Release|Any CPU
		{954FD904-3A70-462C-B8A0-DB76899480C7}.Debug|Any CPU.ActiveCfg = Debug|Any CPU
		{954FD904-3A70-462C-B8A0-DB76899480C7}.Debug|Any CPU.Build.0 = Debug|Any CPU
		{954FD904-3A70-462C-B8A0-DB76899480C7}.Dev|Any CPU.ActiveCfg = Dev|Any CPU
		{954FD904-3A70-462C-B8A0-DB76899480C7}.Dev|Any CPU.Build.0 = Dev|Any CPU
		{954FD904-3A70-462C-B8A0-DB76899480C7}.Prod|Any CPU.ActiveCfg = Prod|Any CPU
		{954FD904-3A70-462C-B8A0-DB76899480C7}.Prod|Any CPU.Build.0 = Prod|Any CPU
		{954FD904-3A70-462C-B8A0-DB76899480C7}.QA|Any CPU.ActiveCfg = QA|Any CPU
		{954FD904-3A70-462C-B8A0-DB76899480C7}.QA|Any CPU.Build.0 = QA|Any CPU
		{954FD904-3A70-462C-B8A0-DB76899480C7}.Release|Any CPU.ActiveCfg = Release|Any CPU
		{954FD904-3A70-462C-B8A0-DB76899480C7}.Release|Any CPU.Build.0 = Release|Any CPU
		{8F270488-4C0F-4D88-A629-753C698BE65C}.Debug|Any CPU.ActiveCfg = Release|Any CPU
		{8F270488-4C0F-4D88-A629-753C698BE65C}.Debug|Any CPU.Build.0 = Release|Any CPU
		{8F270488-4C0F-4D88-A629-753C698BE65C}.Dev|Any CPU.ActiveCfg = Release|Any CPU
		{8F270488-4C0F-4D88-A629-753C698BE65C}.Dev|Any CPU.Build.0 = Release|Any CPU
		{8F270488-4C0F-4D88-A629-753C698BE65C}.Prod|Any CPU.ActiveCfg = Release|Any CPU
		{8F270488-4C0F-4D88-A629-753C698BE65C}.Prod|Any CPU.Build.0 = Release|Any CPU
		{8F270488-4C0F-4D88-A629-753C698BE65C}.QA|Any CPU.ActiveCfg = Release|Any CPU
		{8F270488-4C0F-4D88-A629-753C698BE65C}.QA|Any CPU.Build.0 = Release|Any CPU
		{8F270488-4C0F-4D88-A629-753C698BE65C}.Release|Any CPU.ActiveCfg = Release|Any CPU
		{8F270488-4C0F-4D88-A629-753C698BE65C}.Release|Any CPU.Build.0 = Release|Any CPU
		{313ABA30-90D1-4EEA-86ED-9142D43B8636}.Debug|Any CPU.ActiveCfg = Debug|Any CPU
		{313ABA30-90D1-4EEA-86ED-9142D43B8636}.Debug|Any CPU.Build.0 = Debug|Any CPU
		{313ABA30-90D1-4EEA-86ED-9142D43B8636}.Dev|Any CPU.ActiveCfg = Debug|Any CPU
		{313ABA30-90D1-4EEA-86ED-9142D43B8636}.Dev|Any CPU.Build.0 = Debug|Any CPU
		{313ABA30-90D1-4EEA-86ED-9142D43B8636}.Prod|Any CPU.ActiveCfg = Release|Any CPU
		{313ABA30-90D1-4EEA-86ED-9142D43B8636}.Prod|Any CPU.Build.0 = Release|Any CPU
		{313ABA30-90D1-4EEA-86ED-9142D43B8636}.QA|Any CPU.ActiveCfg = Release|Any CPU
		{313ABA30-90D1-4EEA-86ED-9142D43B8636}.QA|Any CPU.Build.0 = Release|Any CPU
		{313ABA30-90D1-4EEA-86ED-9142D43B8636}.Release|Any CPU.ActiveCfg = Release|Any CPU
		{313ABA30-90D1-4EEA-86ED-9142D43B8636}.Release|Any CPU.Build.0 = Release|Any CPU
		{016046D6-2F5B-4274-A360-BC1F9BB5D612}.Debug|Any CPU.ActiveCfg = Debug|Any CPU
		{016046D6-2F5B-4274-A360-BC1F9BB5D612}.Debug|Any CPU.Build.0 = Debug|Any CPU
		{016046D6-2F5B-4274-A360-BC1F9BB5D612}.Dev|Any CPU.ActiveCfg = Debug|Any CPU
		{016046D6-2F5B-4274-A360-BC1F9BB5D612}.Dev|Any CPU.Build.0 = Debug|Any CPU
		{016046D6-2F5B-4274-A360-BC1F9BB5D612}.Prod|Any CPU.ActiveCfg = Debug|Any CPU
		{016046D6-2F5B-4274-A360-BC1F9BB5D612}.Prod|Any CPU.Build.0 = Debug|Any CPU
		{016046D6-2F5B-4274-A360-BC1F9BB5D612}.QA|Any CPU.ActiveCfg = Debug|Any CPU
		{016046D6-2F5B-4274-A360-BC1F9BB5D612}.QA|Any CPU.Build.0 = Debug|Any CPU
		{016046D6-2F5B-4274-A360-BC1F9BB5D612}.Release|Any CPU.ActiveCfg = Release|Any CPU
		{016046D6-2F5B-4274-A360-BC1F9BB5D612}.Release|Any CPU.Build.0 = Release|Any CPU
		{C95A4CFB-17E7-47CD-AADE-89B91013E5C0}.Debug|Any CPU.ActiveCfg = Debug|Any CPU
		{C95A4CFB-17E7-47CD-AADE-89B91013E5C0}.Debug|Any CPU.Build.0 = Debug|Any CPU
		{C95A4CFB-17E7-47CD-AADE-89B91013E5C0}.Dev|Any CPU.ActiveCfg = Debug|Any CPU
		{C95A4CFB-17E7-47CD-AADE-89B91013E5C0}.Dev|Any CPU.Build.0 = Debug|Any CPU
		{C95A4CFB-17E7-47CD-AADE-89B91013E5C0}.Prod|Any CPU.ActiveCfg = Debug|Any CPU
		{C95A4CFB-17E7-47CD-AADE-89B91013E5C0}.Prod|Any CPU.Build.0 = Debug|Any CPU
		{C95A4CFB-17E7-47CD-AADE-89B91013E5C0}.QA|Any CPU.ActiveCfg = Debug|Any CPU
		{C95A4CFB-17E7-47CD-AADE-89B91013E5C0}.QA|Any CPU.Build.0 = Debug|Any CPU
		{C95A4CFB-17E7-47CD-AADE-89B91013E5C0}.Release|Any CPU.ActiveCfg = Release|Any CPU
		{C95A4CFB-17E7-47CD-AADE-89B91013E5C0}.Release|Any CPU.Build.0 = Release|Any CPU
		{155CB95B-3ECE-4E15-A95F-D74594F7183D}.Debug|Any CPU.ActiveCfg = Debug|Any CPU
		{155CB95B-3ECE-4E15-A95F-D74594F7183D}.Debug|Any CPU.Build.0 = Debug|Any CPU
		{155CB95B-3ECE-4E15-A95F-D74594F7183D}.Dev|Any CPU.ActiveCfg = Debug|Any CPU
		{155CB95B-3ECE-4E15-A95F-D74594F7183D}.Dev|Any CPU.Build.0 = Debug|Any CPU
		{155CB95B-3ECE-4E15-A95F-D74594F7183D}.Prod|Any CPU.ActiveCfg = Debug|Any CPU
		{155CB95B-3ECE-4E15-A95F-D74594F7183D}.Prod|Any CPU.Build.0 = Debug|Any CPU
		{155CB95B-3ECE-4E15-A95F-D74594F7183D}.QA|Any CPU.ActiveCfg = Debug|Any CPU
		{155CB95B-3ECE-4E15-A95F-D74594F7183D}.QA|Any CPU.Build.0 = Debug|Any CPU
		{155CB95B-3ECE-4E15-A95F-D74594F7183D}.Release|Any CPU.ActiveCfg = Release|Any CPU
		{155CB95B-3ECE-4E15-A95F-D74594F7183D}.Release|Any CPU.Build.0 = Release|Any CPU
		{2E5301E6-33B0-4828-9D0D-0B05E8C044C6}.Debug|Any CPU.ActiveCfg = Debug|Any CPU
		{2E5301E6-33B0-4828-9D0D-0B05E8C044C6}.Debug|Any CPU.Build.0 = Debug|Any CPU
		{2E5301E6-33B0-4828-9D0D-0B05E8C044C6}.Dev|Any CPU.ActiveCfg = Dev|Any CPU
		{2E5301E6-33B0-4828-9D0D-0B05E8C044C6}.Dev|Any CPU.Build.0 = Dev|Any CPU
		{2E5301E6-33B0-4828-9D0D-0B05E8C044C6}.Prod|Any CPU.ActiveCfg = Prod|Any CPU
		{2E5301E6-33B0-4828-9D0D-0B05E8C044C6}.Prod|Any CPU.Build.0 = Prod|Any CPU
		{2E5301E6-33B0-4828-9D0D-0B05E8C044C6}.QA|Any CPU.ActiveCfg = QA|Any CPU
		{2E5301E6-33B0-4828-9D0D-0B05E8C044C6}.QA|Any CPU.Build.0 = QA|Any CPU
		{2E5301E6-33B0-4828-9D0D-0B05E8C044C6}.Release|Any CPU.ActiveCfg = Release|Any CPU
		{2E5301E6-33B0-4828-9D0D-0B05E8C044C6}.Release|Any CPU.Build.0 = Release|Any CPU
		{42C520B2-F073-4922-ADAE-31C1D56976C5}.Debug|Any CPU.ActiveCfg = Debug|Any CPU
		{42C520B2-F073-4922-ADAE-31C1D56976C5}.Debug|Any CPU.Build.0 = Debug|Any CPU
		{42C520B2-F073-4922-ADAE-31C1D56976C5}.Dev|Any CPU.ActiveCfg = Debug|Any CPU
		{42C520B2-F073-4922-ADAE-31C1D56976C5}.Dev|Any CPU.Build.0 = Debug|Any CPU
		{42C520B2-F073-4922-ADAE-31C1D56976C5}.Prod|Any CPU.ActiveCfg = Release|Any CPU
		{42C520B2-F073-4922-ADAE-31C1D56976C5}.Prod|Any CPU.Build.0 = Release|Any CPU
		{42C520B2-F073-4922-ADAE-31C1D56976C5}.QA|Any CPU.ActiveCfg = Release|Any CPU
		{42C520B2-F073-4922-ADAE-31C1D56976C5}.QA|Any CPU.Build.0 = Release|Any CPU
		{42C520B2-F073-4922-ADAE-31C1D56976C5}.Release|Any CPU.ActiveCfg = Release|Any CPU
		{42C520B2-F073-4922-ADAE-31C1D56976C5}.Release|Any CPU.Build.0 = Release|Any CPU
		{00D10B30-BE8C-42F1-9ADC-10D13480DCB8}.Debug|Any CPU.ActiveCfg = Release|Any CPU
		{00D10B30-BE8C-42F1-9ADC-10D13480DCB8}.Debug|Any CPU.Build.0 = Release|Any CPU
		{00D10B30-BE8C-42F1-9ADC-10D13480DCB8}.Dev|Any CPU.ActiveCfg = Release|Any CPU
		{00D10B30-BE8C-42F1-9ADC-10D13480DCB8}.Dev|Any CPU.Build.0 = Release|Any CPU
		{00D10B30-BE8C-42F1-9ADC-10D13480DCB8}.Prod|Any CPU.ActiveCfg = Release|Any CPU
		{00D10B30-BE8C-42F1-9ADC-10D13480DCB8}.Prod|Any CPU.Build.0 = Release|Any CPU
		{00D10B30-BE8C-42F1-9ADC-10D13480DCB8}.QA|Any CPU.ActiveCfg = Release|Any CPU
		{00D10B30-BE8C-42F1-9ADC-10D13480DCB8}.QA|Any CPU.Build.0 = Release|Any CPU
		{00D10B30-BE8C-42F1-9ADC-10D13480DCB8}.Release|Any CPU.ActiveCfg = Release|Any CPU
		{00D10B30-BE8C-42F1-9ADC-10D13480DCB8}.Release|Any CPU.Build.0 = Release|Any CPU
		{B8322D05-509D-40D0-B5DD-69CFB48EBE1C}.Debug|Any CPU.ActiveCfg = Debug|Any CPU
		{B8322D05-509D-40D0-B5DD-69CFB48EBE1C}.Debug|Any CPU.Build.0 = Debug|Any CPU
		{B8322D05-509D-40D0-B5DD-69CFB48EBE1C}.Dev|Any CPU.ActiveCfg = Debug|Any CPU
		{B8322D05-509D-40D0-B5DD-69CFB48EBE1C}.Dev|Any CPU.Build.0 = Debug|Any CPU
		{B8322D05-509D-40D0-B5DD-69CFB48EBE1C}.Prod|Any CPU.ActiveCfg = Debug|Any CPU
		{B8322D05-509D-40D0-B5DD-69CFB48EBE1C}.Prod|Any CPU.Build.0 = Debug|Any CPU
		{B8322D05-509D-40D0-B5DD-69CFB48EBE1C}.QA|Any CPU.ActiveCfg = Debug|Any CPU
		{B8322D05-509D-40D0-B5DD-69CFB48EBE1C}.QA|Any CPU.Build.0 = Debug|Any CPU
		{B8322D05-509D-40D0-B5DD-69CFB48EBE1C}.Release|Any CPU.ActiveCfg = Release|Any CPU
		{B8322D05-509D-40D0-B5DD-69CFB48EBE1C}.Release|Any CPU.Build.0 = Release|Any CPU
		{0C598EE9-A5E6-475A-A016-2089CCA427FA}.Debug|Any CPU.ActiveCfg = Release|Any CPU
		{0C598EE9-A5E6-475A-A016-2089CCA427FA}.Debug|Any CPU.Build.0 = Release|Any CPU
		{0C598EE9-A5E6-475A-A016-2089CCA427FA}.Dev|Any CPU.ActiveCfg = Release|Any CPU
		{0C598EE9-A5E6-475A-A016-2089CCA427FA}.Dev|Any CPU.Build.0 = Release|Any CPU
		{0C598EE9-A5E6-475A-A016-2089CCA427FA}.Prod|Any CPU.ActiveCfg = Release|Any CPU
		{0C598EE9-A5E6-475A-A016-2089CCA427FA}.Prod|Any CPU.Build.0 = Release|Any CPU
		{0C598EE9-A5E6-475A-A016-2089CCA427FA}.QA|Any CPU.ActiveCfg = Release|Any CPU
		{0C598EE9-A5E6-475A-A016-2089CCA427FA}.QA|Any CPU.Build.0 = Release|Any CPU
		{0C598EE9-A5E6-475A-A016-2089CCA427FA}.Release|Any CPU.ActiveCfg = Release|Any CPU
		{0C598EE9-A5E6-475A-A016-2089CCA427FA}.Release|Any CPU.Build.0 = Release|Any CPU
		{A0753C99-67DF-4D20-9850-090641ED7B20}.Debug|Any CPU.ActiveCfg = Release|Any CPU
		{A0753C99-67DF-4D20-9850-090641ED7B20}.Debug|Any CPU.Build.0 = Release|Any CPU
		{A0753C99-67DF-4D20-9850-090641ED7B20}.Dev|Any CPU.ActiveCfg = Release|Any CPU
		{A0753C99-67DF-4D20-9850-090641ED7B20}.Dev|Any CPU.Build.0 = Release|Any CPU
		{A0753C99-67DF-4D20-9850-090641ED7B20}.Prod|Any CPU.ActiveCfg = Release|Any CPU
		{A0753C99-67DF-4D20-9850-090641ED7B20}.Prod|Any CPU.Build.0 = Release|Any CPU
		{A0753C99-67DF-4D20-9850-090641ED7B20}.QA|Any CPU.ActiveCfg = Release|Any CPU
		{A0753C99-67DF-4D20-9850-090641ED7B20}.QA|Any CPU.Build.0 = Release|Any CPU
		{A0753C99-67DF-4D20-9850-090641ED7B20}.Release|Any CPU.ActiveCfg = Release|Any CPU
		{A0753C99-67DF-4D20-9850-090641ED7B20}.Release|Any CPU.Build.0 = Release|Any CPU
		{18A92A07-9BD7-4834-BBF5-4D03DAC8245B}.Debug|Any CPU.ActiveCfg = Release|Any CPU
		{18A92A07-9BD7-4834-BBF5-4D03DAC8245B}.Debug|Any CPU.Build.0 = Release|Any CPU
		{18A92A07-9BD7-4834-BBF5-4D03DAC8245B}.Dev|Any CPU.ActiveCfg = Release|Any CPU
		{18A92A07-9BD7-4834-BBF5-4D03DAC8245B}.Dev|Any CPU.Build.0 = Release|Any CPU
		{18A92A07-9BD7-4834-BBF5-4D03DAC8245B}.Prod|Any CPU.ActiveCfg = Release|Any CPU
		{18A92A07-9BD7-4834-BBF5-4D03DAC8245B}.Prod|Any CPU.Build.0 = Release|Any CPU
		{18A92A07-9BD7-4834-BBF5-4D03DAC8245B}.QA|Any CPU.ActiveCfg = Release|Any CPU
		{18A92A07-9BD7-4834-BBF5-4D03DAC8245B}.QA|Any CPU.Build.0 = Release|Any CPU
		{18A92A07-9BD7-4834-BBF5-4D03DAC8245B}.Release|Any CPU.ActiveCfg = Release|Any CPU
		{18A92A07-9BD7-4834-BBF5-4D03DAC8245B}.Release|Any CPU.Build.0 = Release|Any CPU
		{AAAF1DD4-08F6-4107-837D-269D53DA03B7}.Debug|Any CPU.ActiveCfg = Release|Any CPU
		{AAAF1DD4-08F6-4107-837D-269D53DA03B7}.Debug|Any CPU.Build.0 = Release|Any CPU
		{AAAF1DD4-08F6-4107-837D-269D53DA03B7}.Dev|Any CPU.ActiveCfg = Release|Any CPU
		{AAAF1DD4-08F6-4107-837D-269D53DA03B7}.Dev|Any CPU.Build.0 = Release|Any CPU
		{AAAF1DD4-08F6-4107-837D-269D53DA03B7}.Prod|Any CPU.ActiveCfg = Release|Any CPU
		{AAAF1DD4-08F6-4107-837D-269D53DA03B7}.Prod|Any CPU.Build.0 = Release|Any CPU
		{AAAF1DD4-08F6-4107-837D-269D53DA03B7}.QA|Any CPU.ActiveCfg = Release|Any CPU
		{AAAF1DD4-08F6-4107-837D-269D53DA03B7}.QA|Any CPU.Build.0 = Release|Any CPU
		{AAAF1DD4-08F6-4107-837D-269D53DA03B7}.Release|Any CPU.ActiveCfg = Release|Any CPU
		{AAAF1DD4-08F6-4107-837D-269D53DA03B7}.Release|Any CPU.Build.0 = Release|Any CPU
		{297ACE1A-F0E3-42BE-86B8-5CEE4AF0CE99}.Debug|Any CPU.ActiveCfg = Debug|Any CPU
		{297ACE1A-F0E3-42BE-86B8-5CEE4AF0CE99}.Debug|Any CPU.Build.0 = Debug|Any CPU
		{297ACE1A-F0E3-42BE-86B8-5CEE4AF0CE99}.Dev|Any CPU.ActiveCfg = Dev|Any CPU
		{297ACE1A-F0E3-42BE-86B8-5CEE4AF0CE99}.Dev|Any CPU.Build.0 = Dev|Any CPU
		{297ACE1A-F0E3-42BE-86B8-5CEE4AF0CE99}.Prod|Any CPU.ActiveCfg = Prod|Any CPU
		{297ACE1A-F0E3-42BE-86B8-5CEE4AF0CE99}.Prod|Any CPU.Build.0 = Prod|Any CPU
		{297ACE1A-F0E3-42BE-86B8-5CEE4AF0CE99}.QA|Any CPU.ActiveCfg = QA|Any CPU
		{297ACE1A-F0E3-42BE-86B8-5CEE4AF0CE99}.QA|Any CPU.Build.0 = QA|Any CPU
		{297ACE1A-F0E3-42BE-86B8-5CEE4AF0CE99}.Release|Any CPU.ActiveCfg = Release|Any CPU
		{297ACE1A-F0E3-42BE-86B8-5CEE4AF0CE99}.Release|Any CPU.Build.0 = Release|Any CPU
		{5430DE24-9D02-48B7-921B-CA3944014EC1}.Debug|Any CPU.ActiveCfg = Debug|Any CPU
		{5430DE24-9D02-48B7-921B-CA3944014EC1}.Debug|Any CPU.Build.0 = Debug|Any CPU
		{5430DE24-9D02-48B7-921B-CA3944014EC1}.Dev|Any CPU.ActiveCfg = Debug|Any CPU
		{5430DE24-9D02-48B7-921B-CA3944014EC1}.Dev|Any CPU.Build.0 = Debug|Any CPU
		{5430DE24-9D02-48B7-921B-CA3944014EC1}.Prod|Any CPU.ActiveCfg = Debug|Any CPU
		{5430DE24-9D02-48B7-921B-CA3944014EC1}.Prod|Any CPU.Build.0 = Debug|Any CPU
		{5430DE24-9D02-48B7-921B-CA3944014EC1}.QA|Any CPU.ActiveCfg = Debug|Any CPU
		{5430DE24-9D02-48B7-921B-CA3944014EC1}.QA|Any CPU.Build.0 = Debug|Any CPU
		{5430DE24-9D02-48B7-921B-CA3944014EC1}.Release|Any CPU.ActiveCfg = Release|Any CPU
		{5430DE24-9D02-48B7-921B-CA3944014EC1}.Release|Any CPU.Build.0 = Release|Any CPU
		{31F8685C-FC9F-4DB1-90C3-236C9CD6B56D}.Debug|Any CPU.ActiveCfg = Debug|Any CPU
		{31F8685C-FC9F-4DB1-90C3-236C9CD6B56D}.Debug|Any CPU.Build.0 = Debug|Any CPU
		{31F8685C-FC9F-4DB1-90C3-236C9CD6B56D}.Dev|Any CPU.ActiveCfg = Debug|Any CPU
		{31F8685C-FC9F-4DB1-90C3-236C9CD6B56D}.Dev|Any CPU.Build.0 = Debug|Any CPU
		{31F8685C-FC9F-4DB1-90C3-236C9CD6B56D}.Prod|Any CPU.ActiveCfg = Release|Any CPU
		{31F8685C-FC9F-4DB1-90C3-236C9CD6B56D}.Prod|Any CPU.Build.0 = Release|Any CPU
		{31F8685C-FC9F-4DB1-90C3-236C9CD6B56D}.QA|Any CPU.ActiveCfg = Release|Any CPU
		{31F8685C-FC9F-4DB1-90C3-236C9CD6B56D}.QA|Any CPU.Build.0 = Release|Any CPU
		{31F8685C-FC9F-4DB1-90C3-236C9CD6B56D}.Release|Any CPU.ActiveCfg = Release|Any CPU
		{31F8685C-FC9F-4DB1-90C3-236C9CD6B56D}.Release|Any CPU.Build.0 = Release|Any CPU
		{1ADF0C50-DED5-4A74-B38C-8ECA7730F594}.Debug|Any CPU.ActiveCfg = Debug|Any CPU
		{1ADF0C50-DED5-4A74-B38C-8ECA7730F594}.Debug|Any CPU.Build.0 = Debug|Any CPU
		{1ADF0C50-DED5-4A74-B38C-8ECA7730F594}.Dev|Any CPU.ActiveCfg = Debug|Any CPU
		{1ADF0C50-DED5-4A74-B38C-8ECA7730F594}.Dev|Any CPU.Build.0 = Debug|Any CPU
		{1ADF0C50-DED5-4A74-B38C-8ECA7730F594}.Prod|Any CPU.ActiveCfg = Debug|Any CPU
		{1ADF0C50-DED5-4A74-B38C-8ECA7730F594}.Prod|Any CPU.Build.0 = Debug|Any CPU
		{1ADF0C50-DED5-4A74-B38C-8ECA7730F594}.QA|Any CPU.ActiveCfg = Debug|Any CPU
		{1ADF0C50-DED5-4A74-B38C-8ECA7730F594}.QA|Any CPU.Build.0 = Debug|Any CPU
		{1ADF0C50-DED5-4A74-B38C-8ECA7730F594}.Release|Any CPU.ActiveCfg = Release|Any CPU
		{1ADF0C50-DED5-4A74-B38C-8ECA7730F594}.Release|Any CPU.Build.0 = Release|Any CPU
		{A0A7B74A-87F7-4AF0-93DD-8E3E8B314C28}.Debug|Any CPU.ActiveCfg = Debug|Any CPU
		{A0A7B74A-87F7-4AF0-93DD-8E3E8B314C28}.Debug|Any CPU.Build.0 = Debug|Any CPU
		{A0A7B74A-87F7-4AF0-93DD-8E3E8B314C28}.Dev|Any CPU.ActiveCfg = Debug|Any CPU
		{A0A7B74A-87F7-4AF0-93DD-8E3E8B314C28}.Dev|Any CPU.Build.0 = Debug|Any CPU
		{A0A7B74A-87F7-4AF0-93DD-8E3E8B314C28}.Prod|Any CPU.ActiveCfg = Release|Any CPU
		{A0A7B74A-87F7-4AF0-93DD-8E3E8B314C28}.Prod|Any CPU.Build.0 = Release|Any CPU
		{A0A7B74A-87F7-4AF0-93DD-8E3E8B314C28}.QA|Any CPU.ActiveCfg = Release|Any CPU
		{A0A7B74A-87F7-4AF0-93DD-8E3E8B314C28}.QA|Any CPU.Build.0 = Release|Any CPU
		{A0A7B74A-87F7-4AF0-93DD-8E3E8B314C28}.Release|Any CPU.ActiveCfg = Release|Any CPU
		{A0A7B74A-87F7-4AF0-93DD-8E3E8B314C28}.Release|Any CPU.Build.0 = Release|Any CPU
		{CEF5307C-6485-48A1-A570-34DC75BF8505}.Debug|Any CPU.ActiveCfg = Debug|Any CPU
		{CEF5307C-6485-48A1-A570-34DC75BF8505}.Debug|Any CPU.Build.0 = Debug|Any CPU
		{CEF5307C-6485-48A1-A570-34DC75BF8505}.Dev|Any CPU.ActiveCfg = Debug|Any CPU
		{CEF5307C-6485-48A1-A570-34DC75BF8505}.Dev|Any CPU.Build.0 = Debug|Any CPU
		{CEF5307C-6485-48A1-A570-34DC75BF8505}.Prod|Any CPU.ActiveCfg = Debug|Any CPU
		{CEF5307C-6485-48A1-A570-34DC75BF8505}.Prod|Any CPU.Build.0 = Debug|Any CPU
		{CEF5307C-6485-48A1-A570-34DC75BF8505}.QA|Any CPU.ActiveCfg = Debug|Any CPU
		{CEF5307C-6485-48A1-A570-34DC75BF8505}.QA|Any CPU.Build.0 = Debug|Any CPU
		{CEF5307C-6485-48A1-A570-34DC75BF8505}.Release|Any CPU.ActiveCfg = Release|Any CPU
		{CEF5307C-6485-48A1-A570-34DC75BF8505}.Release|Any CPU.Build.0 = Release|Any CPU
		{B8D66FEF-38E6-4BC0-8BA8-B2529802A23A}.Debug|Any CPU.ActiveCfg = Debug|Any CPU
		{B8D66FEF-38E6-4BC0-8BA8-B2529802A23A}.Debug|Any CPU.Build.0 = Debug|Any CPU
		{B8D66FEF-38E6-4BC0-8BA8-B2529802A23A}.Dev|Any CPU.ActiveCfg = Debug|Any CPU
		{B8D66FEF-38E6-4BC0-8BA8-B2529802A23A}.Dev|Any CPU.Build.0 = Debug|Any CPU
		{B8D66FEF-38E6-4BC0-8BA8-B2529802A23A}.Prod|Any CPU.ActiveCfg = Debug|Any CPU
		{B8D66FEF-38E6-4BC0-8BA8-B2529802A23A}.Prod|Any CPU.Build.0 = Debug|Any CPU
		{B8D66FEF-38E6-4BC0-8BA8-B2529802A23A}.QA|Any CPU.ActiveCfg = Debug|Any CPU
		{B8D66FEF-38E6-4BC0-8BA8-B2529802A23A}.QA|Any CPU.Build.0 = Debug|Any CPU
		{B8D66FEF-38E6-4BC0-8BA8-B2529802A23A}.Release|Any CPU.ActiveCfg = Release|Any CPU
		{B8D66FEF-38E6-4BC0-8BA8-B2529802A23A}.Release|Any CPU.Build.0 = Release|Any CPU
		{E51A95E0-C190-449B-A1B2-241DA7AF5C2A}.Debug|Any CPU.ActiveCfg = Debug|Any CPU
		{E51A95E0-C190-449B-A1B2-241DA7AF5C2A}.Debug|Any CPU.Build.0 = Debug|Any CPU
		{E51A95E0-C190-449B-A1B2-241DA7AF5C2A}.Dev|Any CPU.ActiveCfg = Dev|Any CPU
		{E51A95E0-C190-449B-A1B2-241DA7AF5C2A}.Dev|Any CPU.Build.0 = Dev|Any CPU
		{E51A95E0-C190-449B-A1B2-241DA7AF5C2A}.Prod|Any CPU.ActiveCfg = Prod|Any CPU
		{E51A95E0-C190-449B-A1B2-241DA7AF5C2A}.Prod|Any CPU.Build.0 = Prod|Any CPU
		{E51A95E0-C190-449B-A1B2-241DA7AF5C2A}.QA|Any CPU.ActiveCfg = QA|Any CPU
		{E51A95E0-C190-449B-A1B2-241DA7AF5C2A}.QA|Any CPU.Build.0 = QA|Any CPU
		{E51A95E0-C190-449B-A1B2-241DA7AF5C2A}.Release|Any CPU.ActiveCfg = Release|Any CPU
		{E51A95E0-C190-449B-A1B2-241DA7AF5C2A}.Release|Any CPU.Build.0 = Release|Any CPU
		{9B240830-A853-4A5D-9CB9-4EF15E8CD9C9}.Debug|Any CPU.ActiveCfg = Debug|Any CPU
		{9B240830-A853-4A5D-9CB9-4EF15E8CD9C9}.Debug|Any CPU.Build.0 = Debug|Any CPU
		{9B240830-A853-4A5D-9CB9-4EF15E8CD9C9}.Dev|Any CPU.ActiveCfg = Debug|Any CPU
		{9B240830-A853-4A5D-9CB9-4EF15E8CD9C9}.Dev|Any CPU.Build.0 = Debug|Any CPU
		{9B240830-A853-4A5D-9CB9-4EF15E8CD9C9}.Prod|Any CPU.ActiveCfg = Debug|Any CPU
		{9B240830-A853-4A5D-9CB9-4EF15E8CD9C9}.Prod|Any CPU.Build.0 = Debug|Any CPU
		{9B240830-A853-4A5D-9CB9-4EF15E8CD9C9}.QA|Any CPU.ActiveCfg = Debug|Any CPU
		{9B240830-A853-4A5D-9CB9-4EF15E8CD9C9}.QA|Any CPU.Build.0 = Debug|Any CPU
		{9B240830-A853-4A5D-9CB9-4EF15E8CD9C9}.Release|Any CPU.ActiveCfg = Release|Any CPU
		{9B240830-A853-4A5D-9CB9-4EF15E8CD9C9}.Release|Any CPU.Build.0 = Release|Any CPU
		{02F0CA43-9D45-402D-9CD5-C40793B238FA}.Debug|Any CPU.ActiveCfg = Debug|Any CPU
		{02F0CA43-9D45-402D-9CD5-C40793B238FA}.Debug|Any CPU.Build.0 = Debug|Any CPU
		{02F0CA43-9D45-402D-9CD5-C40793B238FA}.Dev|Any CPU.ActiveCfg = Debug|Any CPU
		{02F0CA43-9D45-402D-9CD5-C40793B238FA}.Dev|Any CPU.Build.0 = Debug|Any CPU
		{02F0CA43-9D45-402D-9CD5-C40793B238FA}.Prod|Any CPU.ActiveCfg = Release|Any CPU
		{02F0CA43-9D45-402D-9CD5-C40793B238FA}.Prod|Any CPU.Build.0 = Release|Any CPU
		{02F0CA43-9D45-402D-9CD5-C40793B238FA}.QA|Any CPU.ActiveCfg = Release|Any CPU
		{02F0CA43-9D45-402D-9CD5-C40793B238FA}.QA|Any CPU.Build.0 = Release|Any CPU
		{02F0CA43-9D45-402D-9CD5-C40793B238FA}.Release|Any CPU.ActiveCfg = Release|Any CPU
		{02F0CA43-9D45-402D-9CD5-C40793B238FA}.Release|Any CPU.Build.0 = Release|Any CPU
		{E7440A5D-2FA8-4D2E-BDA8-41B49A9BE8CC}.Debug|Any CPU.ActiveCfg = Debug|Any CPU
		{E7440A5D-2FA8-4D2E-BDA8-41B49A9BE8CC}.Debug|Any CPU.Build.0 = Debug|Any CPU
		{E7440A5D-2FA8-4D2E-BDA8-41B49A9BE8CC}.Dev|Any CPU.ActiveCfg = Debug|Any CPU
		{E7440A5D-2FA8-4D2E-BDA8-41B49A9BE8CC}.Dev|Any CPU.Build.0 = Debug|Any CPU
		{E7440A5D-2FA8-4D2E-BDA8-41B49A9BE8CC}.Prod|Any CPU.ActiveCfg = Release|Any CPU
		{E7440A5D-2FA8-4D2E-BDA8-41B49A9BE8CC}.Prod|Any CPU.Build.0 = Release|Any CPU
		{E7440A5D-2FA8-4D2E-BDA8-41B49A9BE8CC}.QA|Any CPU.ActiveCfg = Release|Any CPU
		{E7440A5D-2FA8-4D2E-BDA8-41B49A9BE8CC}.QA|Any CPU.Build.0 = Release|Any CPU
		{E7440A5D-2FA8-4D2E-BDA8-41B49A9BE8CC}.Release|Any CPU.ActiveCfg = Release|Any CPU
		{E7440A5D-2FA8-4D2E-BDA8-41B49A9BE8CC}.Release|Any CPU.Build.0 = Release|Any CPU
	EndGlobalSection
	GlobalSection(SolutionProperties) = preSolution
		HideSolutionNode = FALSE
	EndGlobalSection
	GlobalSection(NestedProjects) = preSolution
		{99180D3C-DBCA-477A-ACC5-8A01DEBAC801} = {8B6B8128-AD7B-4331-9DC0-0AFE37FC45E1}
		{3D8C2F1C-469F-49DA-A119-DE02FF728358} = {99180D3C-DBCA-477A-ACC5-8A01DEBAC801}
		{A0B44B2F-1C3C-414E-B74A-3EC6C7D7E9E6} = {DA26CB32-27FD-48DF-B4D4-780BD9598326}
		{7DFEC29D-E752-4F54-9F0A-CE297FFF2E0A} = {A0B44B2F-1C3C-414E-B74A-3EC6C7D7E9E6}
		{A21CFD3B-09E8-4C88-91B5-DEA6ED3F5A98} = {DA26CB32-27FD-48DF-B4D4-780BD9598326}
		{74215D63-8E52-42C5-B834-1D5DBFE95F02} = {A21CFD3B-09E8-4C88-91B5-DEA6ED3F5A98}
		{B2715782-C3C9-49A1-84A3-8D7DE8DE364A} = {DA26CB32-27FD-48DF-B4D4-780BD9598326}
		{F8C97663-63DC-458E-9DF4-06F0E1048CC3} = {B2715782-C3C9-49A1-84A3-8D7DE8DE364A}
		{9CE27B73-DAF0-4212-8D36-F23E0D46002A} = {8B6B8128-AD7B-4331-9DC0-0AFE37FC45E1}
		{66CE548A-386B-406D-A0B3-495C92B125F8} = {9CE27B73-DAF0-4212-8D36-F23E0D46002A}
		{FD977492-52A6-4F68-B3CB-EB081C88BA81} = {8B6B8128-AD7B-4331-9DC0-0AFE37FC45E1}
		{3991C056-A340-42A6-BD15-2F1BF6ED3ACF} = {FD977492-52A6-4F68-B3CB-EB081C88BA81}
		{AC6E1E37-A414-49CE-BD27-A34013700045} = {8B6B8128-AD7B-4331-9DC0-0AFE37FC45E1}
		{21E30494-F0A3-4FD8-8E64-B23F3E5620F1} = {AC6E1E37-A414-49CE-BD27-A34013700045}
		{47BA76CF-8FED-4100-A56F-34BA0B7E2B89} = {8B6B8128-AD7B-4331-9DC0-0AFE37FC45E1}
		{954FD904-3A70-462C-B8A0-DB76899480C7} = {47BA76CF-8FED-4100-A56F-34BA0B7E2B89}
		{58292F27-543D-4D9F-8ACF-9B46795320A5} = {DA26CB32-27FD-48DF-B4D4-780BD9598326}
		{8F270488-4C0F-4D88-A629-753C698BE65C} = {58292F27-543D-4D9F-8ACF-9B46795320A5}
		{D3F0BD76-4295-4E24-9C2E-8A6E23E86027} = {DA26CB32-27FD-48DF-B4D4-780BD9598326}
		{313ABA30-90D1-4EEA-86ED-9142D43B8636} = {D3F0BD76-4295-4E24-9C2E-8A6E23E86027}
		{00276C4A-1EF9-40B2-8E43-1285B9EFD6B3} = {8B6B8128-AD7B-4331-9DC0-0AFE37FC45E1}
		{016046D6-2F5B-4274-A360-BC1F9BB5D612} = {00276C4A-1EF9-40B2-8E43-1285B9EFD6B3}
		{E5A5877C-81D5-439E-80B5-5499B49626AA} = {DA26CB32-27FD-48DF-B4D4-780BD9598326}
		{C95A4CFB-17E7-47CD-AADE-89B91013E5C0} = {E5A5877C-81D5-439E-80B5-5499B49626AA}
		{FDB4BE6F-FBB9-46D6-BEA7-9D58EB128DB8} = {8B6B8128-AD7B-4331-9DC0-0AFE37FC45E1}
		{511234F0-1DBF-45D9-87C9-5D31180AC237} = {8B6B8128-AD7B-4331-9DC0-0AFE37FC45E1}
		{155CB95B-3ECE-4E15-A95F-D74594F7183D} = {511234F0-1DBF-45D9-87C9-5D31180AC237}
		{2E5301E6-33B0-4828-9D0D-0B05E8C044C6} = {90BD46B5-60B7-44C7-B41A-C5DFB5367289}
		{1FC98851-4213-448F-A2D3-0FDBF01337E7} = {DA26CB32-27FD-48DF-B4D4-780BD9598326}
		{42C520B2-F073-4922-ADAE-31C1D56976C5} = {1FC98851-4213-448F-A2D3-0FDBF01337E7}
		{2005D8B7-4D44-45DB-BF69-BF5B44922D97} = {8B6B8128-AD7B-4331-9DC0-0AFE37FC45E1}
		{3B9DEC08-27F2-4EF0-A938-0E9E79ADAA90} = {DA26CB32-27FD-48DF-B4D4-780BD9598326}
		{00D10B30-BE8C-42F1-9ADC-10D13480DCB8} = {3B9DEC08-27F2-4EF0-A938-0E9E79ADAA90}
		{B8322D05-509D-40D0-B5DD-69CFB48EBE1C} = {FDB4BE6F-FBB9-46D6-BEA7-9D58EB128DB8}
		{2D6EC5E7-F052-460D-AD0A-40364969E5E3} = {8B6B8128-AD7B-4331-9DC0-0AFE37FC45E1}
		{0C598EE9-A5E6-475A-A016-2089CCA427FA} = {2D6EC5E7-F052-460D-AD0A-40364969E5E3}
		{330A9C25-74D0-4A84-8BCB-4E88DE2B37FA} = {DA26CB32-27FD-48DF-B4D4-780BD9598326}
		{A0753C99-67DF-4D20-9850-090641ED7B20} = {330A9C25-74D0-4A84-8BCB-4E88DE2B37FA}
		{3AF86B34-FB40-459B-AB20-A05B1AB64A02} = {DA26CB32-27FD-48DF-B4D4-780BD9598326}
		{18A92A07-9BD7-4834-BBF5-4D03DAC8245B} = {3AF86B34-FB40-459B-AB20-A05B1AB64A02}
		{D233DFF5-E61B-4734-8781-3BABE3482443} = {D7471233-EE41-4080-8C58-12D5033C644A}
		{AAAF1DD4-08F6-4107-837D-269D53DA03B7} = {D233DFF5-E61B-4734-8781-3BABE3482443}
		{297ACE1A-F0E3-42BE-86B8-5CEE4AF0CE99} = {06B2C1C3-6E4B-4D98-B808-C821DFA0DCCF}
		{06B2C1C3-6E4B-4D98-B808-C821DFA0DCCF} = {DA26CB32-27FD-48DF-B4D4-780BD9598326}
		{63BB65B6-0B8D-4CD9-B375-E27AEA62EC01} = {DF3B36CF-6D1C-415A-8115-C806AAE79DB9}
		{ACC3F290-2A9C-438E-82FC-50BE1FA39DE1} = {63BB65B6-0B8D-4CD9-B375-E27AEA62EC01}
		{DE739504-F786-4449-9882-5A77A9E78512} = {63BB65B6-0B8D-4CD9-B375-E27AEA62EC01}
		{5430DE24-9D02-48B7-921B-CA3944014EC1} = {330A9C25-74D0-4A84-8BCB-4E88DE2B37FA}
		{31F8685C-FC9F-4DB1-90C3-236C9CD6B56D} = {2005D8B7-4D44-45DB-BF69-BF5B44922D97}
		{5DB53469-E344-4B6B-9F6D-D8089A8A7D6F} = {DA26CB32-27FD-48DF-B4D4-780BD9598326}
		{1ADF0C50-DED5-4A74-B38C-8ECA7730F594} = {5DB53469-E344-4B6B-9F6D-D8089A8A7D6F}
		{A0A7B74A-87F7-4AF0-93DD-8E3E8B314C28} = {2005D8B7-4D44-45DB-BF69-BF5B44922D97}
		{CEF5307C-6485-48A1-A570-34DC75BF8505} = {09E51E80-AF28-49E1-A546-DFB67C5D0DE7}
		{B8D66FEF-38E6-4BC0-8BA8-B2529802A23A} = {2D6EC5E7-F052-460D-AD0A-40364969E5E3}
		{09E51E80-AF28-49E1-A546-DFB67C5D0DE7} = {DA26CB32-27FD-48DF-B4D4-780BD9598326}
		{90BD46B5-60B7-44C7-B41A-C5DFB5367289} = {8B6B8128-AD7B-4331-9DC0-0AFE37FC45E1}
		{135EB105-CB58-4A22-A77D-1D53F722D3D3} = {8B6B8128-AD7B-4331-9DC0-0AFE37FC45E1}
		{E51A95E0-C190-449B-A1B2-241DA7AF5C2A} = {135EB105-CB58-4A22-A77D-1D53F722D3D3}
		{9B240830-A853-4A5D-9CB9-4EF15E8CD9C9} = {135EB105-CB58-4A22-A77D-1D53F722D3D3}
		{02F0CA43-9D45-402D-9CD5-C40793B238FA} = {FD977492-52A6-4F68-B3CB-EB081C88BA81}
		{E7440A5D-2FA8-4D2E-BDA8-41B49A9BE8CC} = {AC6E1E37-A414-49CE-BD27-A34013700045}
	EndGlobalSection
	GlobalSection(ExtensibilityGlobals) = postSolution
		SolutionGuid = {B09FC215-7411-45FC-8A1C-DE62D7F7996B}
		EnterpriseLibraryConfigurationToolBinariesPathV6 = packages\EnterpriseLibrary.Common.6.0.1304.0\lib\NET45;packages\EnterpriseLibrary.TransientFaultHandling.6.0.1304.0\lib\portable-net45+win+wp8;packages\EnterpriseLibrary.TransientFaultHandling.Caching.6.0.1304.0\lib\NET45;packages\EnterpriseLibrary.TransientFaultHandling.Data.6.0.1304.1\lib\NET45;packages\EnterpriseLibrary.TransientFaultHandling.ServiceBus.6.0.1304.0\lib\NET45;packages\EnterpriseLibrary.TransientFaultHandling.WindowsAzure.Storage.6.0.1304.0\lib\NET45;packages\EnterpriseLibrary.TransientFaultHandling.Configuration.6.0.1304.0\lib\NET45;packages\EnterpriseLibrary.Logging.6.0.1304.0\lib\NET45
	EndGlobalSection
EndGlobal
